// !$*UTF8*$!
{
	archiveVersion = 1;
	classes = {
	};
	objectVersion = 54;
	objects = {

/* Begin PBXBuildFile section */
		2637B35F287C6DE800906C9A /* FReactangle.swift in Sources */ = {isa = PBXBuildFile; fileRef = 2637B35E287C6DE800906C9A /* FReactangle.swift */; };
		2637B361287C6DF400906C9A /* FCircle.swift in Sources */ = {isa = PBXBuildFile; fileRef = 2637B360287C6DF400906C9A /* FCircle.swift */; };
		2637B363287C6DFE00906C9A /* FLines.swift in Sources */ = {isa = PBXBuildFile; fileRef = 2637B362287C6DFE00906C9A /* FLines.swift */; };
		2637B365287C6E0E00906C9A /* FStar.swift in Sources */ = {isa = PBXBuildFile; fileRef = 2637B364287C6E0E00906C9A /* FStar.swift */; };
		2637B367287C6EAD00906C9A /* Constants.swift in Sources */ = {isa = PBXBuildFile; fileRef = 2637B366287C6EAD00906C9A /* Constants.swift */; };
		2637B369287C6ECC00906C9A /* Filter.swift in Sources */ = {isa = PBXBuildFile; fileRef = 2637B368287C6ECC00906C9A /* Filter.swift */; };
		267254A4283CE24D00335E37 /* MoireLensApp.swift in Sources */ = {isa = PBXBuildFile; fileRef = 26725494283CE24C00335E37 /* MoireLensApp.swift */; };
		267254A5283CE24D00335E37 /* MoireLensApp.swift in Sources */ = {isa = PBXBuildFile; fileRef = 26725494283CE24C00335E37 /* MoireLensApp.swift */; };
		267254A6283CE24D00335E37 /* ContentView.swift in Sources */ = {isa = PBXBuildFile; fileRef = 26725495283CE24C00335E37 /* ContentView.swift */; };
		267254A7283CE24D00335E37 /* ContentView.swift in Sources */ = {isa = PBXBuildFile; fileRef = 26725495283CE24C00335E37 /* ContentView.swift */; };
		267254A8283CE24D00335E37 /* Assets.xcassets in Resources */ = {isa = PBXBuildFile; fileRef = 26725496283CE24D00335E37 /* Assets.xcassets */; };
		267254A9283CE24D00335E37 /* Assets.xcassets in Resources */ = {isa = PBXBuildFile; fileRef = 26725496283CE24D00335E37 /* Assets.xcassets */; };
		268B499628577A3F00C2EC6E /* ViewModel.swift in Sources */ = {isa = PBXBuildFile; fileRef = 268B499528577A3F00C2EC6E /* ViewModel.swift */; };
		268B499728577A3F00C2EC6E /* ViewModel.swift in Sources */ = {isa = PBXBuildFile; fileRef = 268B499528577A3F00C2EC6E /* ViewModel.swift */; };
		268B49992857921C00C2EC6E /* Model.swift in Sources */ = {isa = PBXBuildFile; fileRef = 268B49982857921C00C2EC6E /* Model.swift */; };
		268B499A2857921C00C2EC6E /* Model.swift in Sources */ = {isa = PBXBuildFile; fileRef = 268B49982857921C00C2EC6E /* Model.swift */; };
/* End PBXBuildFile section */

/* Begin PBXFileReference section */
		2637B35E287C6DE800906C9A /* FReactangle.swift */ = {isa = PBXFileReference; lastKnownFileType = sourcecode.swift; path = FReactangle.swift; sourceTree = "<group>"; };
		2637B360287C6DF400906C9A /* FCircle.swift */ = {isa = PBXFileReference; lastKnownFileType = sourcecode.swift; path = FCircle.swift; sourceTree = "<group>"; };
		2637B362287C6DFE00906C9A /* FLines.swift */ = {isa = PBXFileReference; lastKnownFileType = sourcecode.swift; path = FLines.swift; sourceTree = "<group>"; };
		2637B364287C6E0E00906C9A /* FStar.swift */ = {isa = PBXFileReference; lastKnownFileType = sourcecode.swift; path = FStar.swift; sourceTree = "<group>"; };
		2637B366287C6EAD00906C9A /* Constants.swift */ = {isa = PBXFileReference; lastKnownFileType = sourcecode.swift; path = Constants.swift; sourceTree = "<group>"; };
		2637B368287C6ECC00906C9A /* Filter.swift */ = {isa = PBXFileReference; lastKnownFileType = sourcecode.swift; path = Filter.swift; sourceTree = "<group>"; };
		26725494283CE24C00335E37 /* MoireLensApp.swift */ = {isa = PBXFileReference; lastKnownFileType = sourcecode.swift; path = MoireLensApp.swift; sourceTree = "<group>"; };
		26725495283CE24C00335E37 /* ContentView.swift */ = {isa = PBXFileReference; lastKnownFileType = sourcecode.swift; path = ContentView.swift; sourceTree = "<group>"; };
		26725496283CE24D00335E37 /* Assets.xcassets */ = {isa = PBXFileReference; lastKnownFileType = folder.assetcatalog; path = Assets.xcassets; sourceTree = "<group>"; };
		2672549B283CE24D00335E37 /* MoireLens.app */ = {isa = PBXFileReference; explicitFileType = wrapper.application; includeInIndex = 0; path = MoireLens.app; sourceTree = BUILT_PRODUCTS_DIR; };
		267254A1283CE24D00335E37 /* MoireLens.app */ = {isa = PBXFileReference; explicitFileType = wrapper.application; includeInIndex = 0; path = MoireLens.app; sourceTree = BUILT_PRODUCTS_DIR; };
		267254A3283CE24D00335E37 /* macOS.entitlements */ = {isa = PBXFileReference; lastKnownFileType = text.plist.entitlements; path = macOS.entitlements; sourceTree = "<group>"; };
		267254B2283D087700335E37 /* MoireLens--iOS--Info.plist */ = {isa = PBXFileReference; lastKnownFileType = text.plist; path = "MoireLens--iOS--Info.plist"; sourceTree = "<group>"; };
		268B499528577A3F00C2EC6E /* ViewModel.swift */ = {isa = PBXFileReference; lastKnownFileType = sourcecode.swift; path = ViewModel.swift; sourceTree = "<group>"; };
		268B49982857921C00C2EC6E /* Model.swift */ = {isa = PBXFileReference; lastKnownFileType = sourcecode.swift; path = Model.swift; sourceTree = "<group>"; };
/* End PBXFileReference section */

/* Begin PBXFrameworksBuildPhase section */
		26725498283CE24D00335E37 /* Frameworks */ = {
			isa = PBXFrameworksBuildPhase;
			buildActionMask = 2147483647;
			files = (
			);
			runOnlyForDeploymentPostprocessing = 0;
		};
		2672549E283CE24D00335E37 /* Frameworks */ = {
			isa = PBXFrameworksBuildPhase;
			buildActionMask = 2147483647;
			files = (
			);
			runOnlyForDeploymentPostprocessing = 0;
		};
/* End PBXFrameworksBuildPhase section */

/* Begin PBXGroup section */
		2637B35D287C6DC300906C9A /* filters */ = {
			isa = PBXGroup;
			children = (
				2637B35E287C6DE800906C9A /* FReactangle.swift */,
				2637B360287C6DF400906C9A /* FCircle.swift */,
				2637B362287C6DFE00906C9A /* FLines.swift */,
				2637B364287C6E0E00906C9A /* FStar.swift */,
				2637B368287C6ECC00906C9A /* Filter.swift */,
			);
			name = filters;
			sourceTree = "<group>";
		};
		2672548E283CE24C00335E37 = {
			isa = PBXGroup;
			children = (
				267254B2283D087700335E37 /* MoireLens--iOS--Info.plist */,
				26725493283CE24C00335E37 /* Shared */,
				267254A2283CE24D00335E37 /* macOS */,
				2672549C283CE24D00335E37 /* Products */,
			);
			sourceTree = "<group>";
		};
		26725493283CE24C00335E37 /* Shared */ = {
			isa = PBXGroup;
			children = (
				2637B35D287C6DC300906C9A /* filters */,
				26725494283CE24C00335E37 /* MoireLensApp.swift */,
				26725495283CE24C00335E37 /* ContentView.swift */,
				26725496283CE24D00335E37 /* Assets.xcassets */,
				268B499528577A3F00C2EC6E /* ViewModel.swift */,
				268B49982857921C00C2EC6E /* Model.swift */,
				2637B366287C6EAD00906C9A /* Constants.swift */,
			);
			path = Shared;
			sourceTree = "<group>";
		};
		2672549C283CE24D00335E37 /* Products */ = {
			isa = PBXGroup;
			children = (
				2672549B283CE24D00335E37 /* MoireLens.app */,
				267254A1283CE24D00335E37 /* MoireLens.app */,
			);
			name = Products;
			sourceTree = "<group>";
		};
		267254A2283CE24D00335E37 /* macOS */ = {
			isa = PBXGroup;
			children = (
				267254A3283CE24D00335E37 /* macOS.entitlements */,
			);
			path = macOS;
			sourceTree = "<group>";
		};
/* End PBXGroup section */

/* Begin PBXNativeTarget section */
		2672549A283CE24D00335E37 /* MoireLens (iOS) */ = {
			isa = PBXNativeTarget;
			buildConfigurationList = 267254AC283CE24D00335E37 /* Build configuration list for PBXNativeTarget "MoireLens (iOS)" */;
			buildPhases = (
				26725497283CE24D00335E37 /* Sources */,
				26725498283CE24D00335E37 /* Frameworks */,
				26725499283CE24D00335E37 /* Resources */,
			);
			buildRules = (
			);
			dependencies = (
			);
			name = "MoireLens (iOS)";
			productName = "MoireLens (iOS)";
			productReference = 2672549B283CE24D00335E37 /* MoireLens.app */;
			productType = "com.apple.product-type.application";
		};
		267254A0283CE24D00335E37 /* MoireLens (macOS) */ = {
			isa = PBXNativeTarget;
			buildConfigurationList = 267254AF283CE24D00335E37 /* Build configuration list for PBXNativeTarget "MoireLens (macOS)" */;
			buildPhases = (
				2672549D283CE24D00335E37 /* Sources */,
				2672549E283CE24D00335E37 /* Frameworks */,
				2672549F283CE24D00335E37 /* Resources */,
			);
			buildRules = (
			);
			dependencies = (
			);
			name = "MoireLens (macOS)";
			productName = "MoireLens (macOS)";
			productReference = 267254A1283CE24D00335E37 /* MoireLens.app */;
			productType = "com.apple.product-type.application";
		};
/* End PBXNativeTarget section */

/* Begin PBXProject section */
		2672548F283CE24C00335E37 /* Project object */ = {
			isa = PBXProject;
			attributes = {
				BuildIndependentTargetsInParallel = 1;
				LastSwiftUpdateCheck = 1310;
				LastUpgradeCheck = 1310;
				TargetAttributes = {
					2672549A283CE24D00335E37 = {
						CreatedOnToolsVersion = 13.1;
					};
					267254A0283CE24D00335E37 = {
						CreatedOnToolsVersion = 13.1;
					};
				};
			};
			buildConfigurationList = 26725492283CE24C00335E37 /* Build configuration list for PBXProject "MoireLens" */;
			compatibilityVersion = "Xcode 12.0";
			developmentRegion = en;
			hasScannedForEncodings = 0;
			knownRegions = (
				en,
				Base,
			);
			mainGroup = 2672548E283CE24C00335E37;
			productRefGroup = 2672549C283CE24D00335E37 /* Products */;
			projectDirPath = "";
			projectRoot = "";
			targets = (
				2672549A283CE24D00335E37 /* MoireLens (iOS) */,
				267254A0283CE24D00335E37 /* MoireLens (macOS) */,
			);
		};
/* End PBXProject section */

/* Begin PBXResourcesBuildPhase section */
		26725499283CE24D00335E37 /* Resources */ = {
			isa = PBXResourcesBuildPhase;
			buildActionMask = 2147483647;
			files = (
				267254A8283CE24D00335E37 /* Assets.xcassets in Resources */,
			);
			runOnlyForDeploymentPostprocessing = 0;
		};
		2672549F283CE24D00335E37 /* Resources */ = {
			isa = PBXResourcesBuildPhase;
			buildActionMask = 2147483647;
			files = (
				267254A9283CE24D00335E37 /* Assets.xcassets in Resources */,
			);
			runOnlyForDeploymentPostprocessing = 0;
		};
/* End PBXResourcesBuildPhase section */

/* Begin PBXSourcesBuildPhase section */
		26725497283CE24D00335E37 /* Sources */ = {
			isa = PBXSourcesBuildPhase;
			buildActionMask = 2147483647;
			files = (
				2637B361287C6DF400906C9A /* FCircle.swift in Sources */,
				2637B369287C6ECC00906C9A /* Filter.swift in Sources */,
				2637B363287C6DFE00906C9A /* FLines.swift in Sources */,
				267254A6283CE24D00335E37 /* ContentView.swift in Sources */,
				268B499628577A3F00C2EC6E /* ViewModel.swift in Sources */,
				267254A4283CE24D00335E37 /* MoireLensApp.swift in Sources */,
				268B49992857921C00C2EC6E /* Model.swift in Sources */,
				2637B365287C6E0E00906C9A /* FStar.swift in Sources */,
				2637B35F287C6DE800906C9A /* FReactangle.swift in Sources */,
				2637B367287C6EAD00906C9A /* Constants.swift in Sources */,
			);
			runOnlyForDeploymentPostprocessing = 0;
		};
		2672549D283CE24D00335E37 /* Sources */ = {
			isa = PBXSourcesBuildPhase;
			buildActionMask = 2147483647;
			files = (
				267254A7283CE24D00335E37 /* ContentView.swift in Sources */,
				268B499728577A3F00C2EC6E /* ViewModel.swift in Sources */,
				267254A5283CE24D00335E37 /* MoireLensApp.swift in Sources */,
				268B499A2857921C00C2EC6E /* Model.swift in Sources */,
			);
			runOnlyForDeploymentPostprocessing = 0;
		};
/* End PBXSourcesBuildPhase section */

/* Begin XCBuildConfiguration section */
		267254AA283CE24D00335E37 /* Debug */ = {
			isa = XCBuildConfiguration;
			buildSettings = {
				ALWAYS_SEARCH_USER_PATHS = NO;
				CLANG_ANALYZER_NONNULL = YES;
				CLANG_ANALYZER_NUMBER_OBJECT_CONVERSION = YES_AGGRESSIVE;
				CLANG_CXX_LANGUAGE_STANDARD = "gnu++17";
				CLANG_CXX_LIBRARY = "libc++";
				CLANG_ENABLE_MODULES = YES;
				CLANG_ENABLE_OBJC_ARC = YES;
				CLANG_ENABLE_OBJC_WEAK = YES;
				CLANG_WARN_BLOCK_CAPTURE_AUTORELEASING = YES;
				CLANG_WARN_BOOL_CONVERSION = YES;
				CLANG_WARN_COMMA = YES;
				CLANG_WARN_CONSTANT_CONVERSION = YES;
				CLANG_WARN_DEPRECATED_OBJC_IMPLEMENTATIONS = YES;
				CLANG_WARN_DIRECT_OBJC_ISA_USAGE = YES_ERROR;
				CLANG_WARN_DOCUMENTATION_COMMENTS = YES;
				CLANG_WARN_EMPTY_BODY = YES;
				CLANG_WARN_ENUM_CONVERSION = YES;
				CLANG_WARN_INFINITE_RECURSION = YES;
				CLANG_WARN_INT_CONVERSION = YES;
				CLANG_WARN_NON_LITERAL_NULL_CONVERSION = YES;
				CLANG_WARN_OBJC_IMPLICIT_RETAIN_SELF = YES;
				CLANG_WARN_OBJC_LITERAL_CONVERSION = YES;
				CLANG_WARN_OBJC_ROOT_CLASS = YES_ERROR;
				CLANG_WARN_QUOTED_INCLUDE_IN_FRAMEWORK_HEADER = YES;
				CLANG_WARN_RANGE_LOOP_ANALYSIS = YES;
				CLANG_WARN_STRICT_PROTOTYPES = YES;
				CLANG_WARN_SUSPICIOUS_MOVE = YES;
				CLANG_WARN_UNGUARDED_AVAILABILITY = YES_AGGRESSIVE;
				CLANG_WARN_UNREACHABLE_CODE = YES;
				CLANG_WARN__DUPLICATE_METHOD_MATCH = YES;
				COPY_PHASE_STRIP = NO;
				DEBUG_INFORMATION_FORMAT = dwarf;
				ENABLE_STRICT_OBJC_MSGSEND = YES;
				ENABLE_TESTABILITY = YES;
				GCC_C_LANGUAGE_STANDARD = gnu11;
				GCC_DYNAMIC_NO_PIC = NO;
				GCC_NO_COMMON_BLOCKS = YES;
				GCC_OPTIMIZATION_LEVEL = 0;
				GCC_PREPROCESSOR_DEFINITIONS = (
					"DEBUG=1",
					"$(inherited)",
				);
				GCC_WARN_64_TO_32_BIT_CONVERSION = YES;
				GCC_WARN_ABOUT_RETURN_TYPE = YES_ERROR;
				GCC_WARN_UNDECLARED_SELECTOR = YES;
				GCC_WARN_UNINITIALIZED_AUTOS = YES_AGGRESSIVE;
				GCC_WARN_UNUSED_FUNCTION = YES;
				GCC_WARN_UNUSED_VARIABLE = YES;
				MTL_ENABLE_DEBUG_INFO = INCLUDE_SOURCE;
				MTL_FAST_MATH = YES;
				ONLY_ACTIVE_ARCH = YES;
				SWIFT_ACTIVE_COMPILATION_CONDITIONS = DEBUG;
				SWIFT_OPTIMIZATION_LEVEL = "-Onone";
			};
			name = Debug;
		};
		267254AB283CE24D00335E37 /* Release */ = {
			isa = XCBuildConfiguration;
			buildSettings = {
				ALWAYS_SEARCH_USER_PATHS = NO;
				CLANG_ANALYZER_NONNULL = YES;
				CLANG_ANALYZER_NUMBER_OBJECT_CONVERSION = YES_AGGRESSIVE;
				CLANG_CXX_LANGUAGE_STANDARD = "gnu++17";
				CLANG_CXX_LIBRARY = "libc++";
				CLANG_ENABLE_MODULES = YES;
				CLANG_ENABLE_OBJC_ARC = YES;
				CLANG_ENABLE_OBJC_WEAK = YES;
				CLANG_WARN_BLOCK_CAPTURE_AUTORELEASING = YES;
				CLANG_WARN_BOOL_CONVERSION = YES;
				CLANG_WARN_COMMA = YES;
				CLANG_WARN_CONSTANT_CONVERSION = YES;
				CLANG_WARN_DEPRECATED_OBJC_IMPLEMENTATIONS = YES;
				CLANG_WARN_DIRECT_OBJC_ISA_USAGE = YES_ERROR;
				CLANG_WARN_DOCUMENTATION_COMMENTS = YES;
				CLANG_WARN_EMPTY_BODY = YES;
				CLANG_WARN_ENUM_CONVERSION = YES;
				CLANG_WARN_INFINITE_RECURSION = YES;
				CLANG_WARN_INT_CONVERSION = YES;
				CLANG_WARN_NON_LITERAL_NULL_CONVERSION = YES;
				CLANG_WARN_OBJC_IMPLICIT_RETAIN_SELF = YES;
				CLANG_WARN_OBJC_LITERAL_CONVERSION = YES;
				CLANG_WARN_OBJC_ROOT_CLASS = YES_ERROR;
				CLANG_WARN_QUOTED_INCLUDE_IN_FRAMEWORK_HEADER = YES;
				CLANG_WARN_RANGE_LOOP_ANALYSIS = YES;
				CLANG_WARN_STRICT_PROTOTYPES = YES;
				CLANG_WARN_SUSPICIOUS_MOVE = YES;
				CLANG_WARN_UNGUARDED_AVAILABILITY = YES_AGGRESSIVE;
				CLANG_WARN_UNREACHABLE_CODE = YES;
				CLANG_WARN__DUPLICATE_METHOD_MATCH = YES;
				COPY_PHASE_STRIP = NO;
				DEBUG_INFORMATION_FORMAT = "dwarf-with-dsym";
				ENABLE_NS_ASSERTIONS = NO;
				ENABLE_STRICT_OBJC_MSGSEND = YES;
				GCC_C_LANGUAGE_STANDARD = gnu11;
				GCC_NO_COMMON_BLOCKS = YES;
				GCC_WARN_64_TO_32_BIT_CONVERSION = YES;
				GCC_WARN_ABOUT_RETURN_TYPE = YES_ERROR;
				GCC_WARN_UNDECLARED_SELECTOR = YES;
				GCC_WARN_UNINITIALIZED_AUTOS = YES_AGGRESSIVE;
				GCC_WARN_UNUSED_FUNCTION = YES;
				GCC_WARN_UNUSED_VARIABLE = YES;
				MTL_ENABLE_DEBUG_INFO = NO;
				MTL_FAST_MATH = YES;
				SWIFT_COMPILATION_MODE = wholemodule;
				SWIFT_OPTIMIZATION_LEVEL = "-O";
			};
			name = Release;
		};
		267254AD283CE24D00335E37 /* Debug */ = {
			isa = XCBuildConfiguration;
			buildSettings = {
				ASSETCATALOG_COMPILER_APPICON_NAME = AppIcon;
				ASSETCATALOG_COMPILER_GLOBAL_ACCENT_COLOR_NAME = AccentColor;
				CODE_SIGN_STYLE = Automatic;
				CURRENT_PROJECT_VERSION = 1;
				DEVELOPMENT_TEAM = 65CUCZ558H;
				ENABLE_PREVIEWS = YES;
				GENERATE_INFOPLIST_FILE = YES;
				INFOPLIST_FILE = "MoireLens--iOS--Info.plist";
				INFOPLIST_KEY_UIApplicationSceneManifest_Generation = YES;
				INFOPLIST_KEY_UIApplicationSupportsIndirectInputEvents = YES;
				INFOPLIST_KEY_UILaunchScreen_Generation = YES;
				INFOPLIST_KEY_UISupportedInterfaceOrientations_iPad = "UIInterfaceOrientationPortrait UIInterfaceOrientationPortraitUpsideDown UIInterfaceOrientationLandscapeLeft UIInterfaceOrientationLandscapeRight";
				INFOPLIST_KEY_UISupportedInterfaceOrientations_iPhone = "UIInterfaceOrientationPortrait UIInterfaceOrientationLandscapeLeft UIInterfaceOrientationLandscapeRight";
				IPHONEOS_DEPLOYMENT_TARGET = 15.0;
				LD_RUNPATH_SEARCH_PATHS = (
					"$(inherited)",
					"@executable_path/Frameworks",
				);
				MARKETING_VERSION = 1.0;
				PRODUCT_BUNDLE_IDENTIFIER = com.razortooth.MoireLens;
				PRODUCT_NAME = MoireLens;
				SDKROOT = iphoneos;
				SWIFT_EMIT_LOC_STRINGS = YES;
				SWIFT_VERSION = 5.0;
				TARGETED_DEVICE_FAMILY = "1,2";
			};
			name = Debug;
		};
		267254AE283CE24D00335E37 /* Release */ = {
			isa = XCBuildConfiguration;
			buildSettings = {
				ASSETCATALOG_COMPILER_APPICON_NAME = AppIcon;
				ASSETCATALOG_COMPILER_GLOBAL_ACCENT_COLOR_NAME = AccentColor;
				CODE_SIGN_STYLE = Automatic;
				CURRENT_PROJECT_VERSION = 1;
				DEVELOPMENT_TEAM = 65CUCZ558H;
				ENABLE_PREVIEWS = YES;
				GENERATE_INFOPLIST_FILE = YES;
				INFOPLIST_FILE = "MoireLens--iOS--Info.plist";
				INFOPLIST_KEY_UIApplicationSceneManifest_Generation = YES;
				INFOPLIST_KEY_UIApplicationSupportsIndirectInputEvents = YES;
				INFOPLIST_KEY_UILaunchScreen_Generation = YES;
				INFOPLIST_KEY_UISupportedInterfaceOrientations_iPad = "UIInterfaceOrientationPortrait UIInterfaceOrientationPortraitUpsideDown UIInterfaceOrientationLandscapeLeft UIInterfaceOrientationLandscapeRight";
				INFOPLIST_KEY_UISupportedInterfaceOrientations_iPhone = "UIInterfaceOrientationPortrait UIInterfaceOrientationLandscapeLeft UIInterfaceOrientationLandscapeRight";
				IPHONEOS_DEPLOYMENT_TARGET = 15.0;
				LD_RUNPATH_SEARCH_PATHS = (
					"$(inherited)",
					"@executable_path/Frameworks",
				);
				MARKETING_VERSION = 1.0;
				PRODUCT_BUNDLE_IDENTIFIER = com.razortooth.MoireLens;
				PRODUCT_NAME = MoireLens;
				SDKROOT = iphoneos;
				SWIFT_EMIT_LOC_STRINGS = YES;
				SWIFT_VERSION = 5.0;
				TARGETED_DEVICE_FAMILY = "1,2";
				VALIDATE_PRODUCT = YES;
			};
			name = Release;
		};
		267254B0283CE24D00335E37 /* Debug */ = {
			isa = XCBuildConfiguration;
			buildSettings = {
				ASSETCATALOG_COMPILER_APPICON_NAME = AppIcon;
				ASSETCATALOG_COMPILER_GLOBAL_ACCENT_COLOR_NAME = AccentColor;
				CODE_SIGN_ENTITLEMENTS = macOS/macOS.entitlements;
				CODE_SIGN_STYLE = Automatic;
				COMBINE_HIDPI_IMAGES = YES;
				CURRENT_PROJECT_VERSION = 1;
				DEVELOPMENT_TEAM = 65CUCZ558H;
				ENABLE_HARDENED_RUNTIME = YES;
				ENABLE_PREVIEWS = YES;
				GENERATE_INFOPLIST_FILE = YES;
				INFOPLIST_KEY_NSHumanReadableCopyright = "";
				LD_RUNPATH_SEARCH_PATHS = (
					"$(inherited)",
					"@executable_path/../Frameworks",
				);
				MACOSX_DEPLOYMENT_TARGET = 12.0;
				MARKETING_VERSION = 1.0;
				PRODUCT_BUNDLE_IDENTIFIER = com.razortooth.MoireLens;
				PRODUCT_NAME = MoireLens;
				SDKROOT = macosx;
				SWIFT_EMIT_LOC_STRINGS = YES;
				SWIFT_VERSION = 5.0;
			};
			name = Debug;
		};
		267254B1283CE24D00335E37 /* Release */ = {
			isa = XCBuildConfiguration;
			buildSettings = {
				ASSETCATALOG_COMPILER_APPICON_NAME = AppIcon;
				ASSETCATALOG_COMPILER_GLOBAL_ACCENT_COLOR_NAME = AccentColor;
				CODE_SIGN_ENTITLEMENTS = macOS/macOS.entitlements;
				CODE_SIGN_STYLE = Automatic;
				COMBINE_HIDPI_IMAGES = YES;
				CURRENT_PROJECT_VERSION = 1;
				DEVELOPMENT_TEAM = 65CUCZ558H;
				ENABLE_HARDENED_RUNTIME = YES;
				ENABLE_PREVIEWS = YES;
				GENERATE_INFOPLIST_FILE = YES;
				INFOPLIST_KEY_NSHumanReadableCopyright = "";
				LD_RUNPATH_SEARCH_PATHS = (
					"$(inherited)",
					"@executable_path/../Frameworks",
				);
				MACOSX_DEPLOYMENT_TARGET = 12.0;
				MARKETING_VERSION = 1.0;
				PRODUCT_BUNDLE_IDENTIFIER = com.razortooth.MoireLens;
				PRODUCT_NAME = MoireLens;
				SDKROOT = macosx;
				SWIFT_EMIT_LOC_STRINGS = YES;
				SWIFT_VERSION = 5.0;
			};
			name = Release;
		};
/* End XCBuildConfiguration section */

/* Begin XCConfigurationList section */
		26725492283CE24C00335E37 /* Build configuration list for PBXProject "MoireLens" */ = {
			isa = XCConfigurationList;
			buildConfigurations = (
				267254AA283CE24D00335E37 /* Debug */,
				267254AB283CE24D00335E37 /* Release */,
			);
			defaultConfigurationIsVisible = 0;
			defaultConfigurationName = Release;
		};
		267254AC283CE24D00335E37 /* Build configuration list for PBXNativeTarget "MoireLens (iOS)" */ = {
			isa = XCConfigurationList;
			buildConfigurations = (
				267254AD283CE24D00335E37 /* Debug */,
				267254AE283CE24D00335E37 /* Release */,
			);
			defaultConfigurationIsVisible = 0;
			defaultConfigurationName = Release;
		};
		267254AF283CE24D00335E37 /* Build configuration list for PBXNativeTarget "MoireLens (macOS)" */ = {
			isa = XCConfigurationList;
			buildConfigurations = (
				267254B0283CE24D00335E37 /* Debug */,
				267254B1283CE24D00335E37 /* Release */,
			);
			defaultConfigurationIsVisible = 0;
			defaultConfigurationName = Release;
		};
/* End XCConfigurationList section */
	};
	rootObject = 2672548F283CE24C00335E37 /* Project object */;
}
